Microsoft Visual Studio Solution File, Format Version 12.00
# Visual Studio Version 17
VisualStudioVersion = 17.5.2.0
MinimumVisualStudioVersion = 10.0.40219.1
Project("{FAE04EC0-301F-11D3-BF4B-00C04F79EFBC}") = "StartStop", "StartStop.csproj", "{0FC32907-4CA6-83EC-6765-564396E468EE}"
EndProject
Global
	GlobalSection(SolutionConfigurationPlatforms) = preSolution
		Debug|Any CPU = Debug|Any CPU
		Release|Any CPU = Release|Any CPU
	EndGlobalSection
	GlobalSection(ProjectConfigurationPlatforms) = postSolution
		{0FC32907-4CA6-83EC-6765-564396E468EE}.Debug|Any CPU.ActiveCfg = Debug|Any CPU
		{0FC32907-4CA6-83EC-6765-564396E468EE}.Debug|Any CPU.Build.0 = Debug|Any CPU
		{0FC32907-4CA6-83EC-6765-564396E468EE}.Release|Any CPU.ActiveCfg = Release|Any CPU
		{0FC32907-4CA6-83EC-6765-564396E468EE}.Release|Any CPU.Build.0 = Release|Any CPU
	EndGlobalSection
	GlobalSection(SolutionProperties) = preSolution
		HideSolutionNode = FALSE
	EndGlobalSection
	GlobalSection(ExtensibilityGlobals) = postSolution
		SolutionGuid = {5FFB2FE4-672B-4735-BF4E-920A08B3FBF3}
	EndGlobalSection
EndGlobal
